
Microsoft Visual Studio Solution File, Format Version 12.00
# Visual Studio Version 17
VisualStudioVersion = 17.11.35222.181
MinimumVisualStudioVersion = 10.0.40219.1
Project("{FAE04EC0-301F-11D3-BF4B-00C04F79EFBC}") = "WindowsFormsApp1", "WindowsFormsApp1.csproj", "{07776A75-CCD6-44E4-A2C0-356702C6CFA8}"
EndProject
Global
	GlobalSection(SolutionConfigurationPlatforms) = preSolution
		Debug|Any CPU = Debug|Any CPU
		Release|Any CPU = Release|Any CPU
	EndGlobalSection
	GlobalSection(ProjectConfigurationPlatforms) = postSolution
		{07776A75-CCD6-44E4-A2C0-356702C6CFA8}.Debug|Any CPU.ActiveCfg = Debug|Any CPU
		{07776A75-CCD6-44E4-A2C0-356702C6CFA8}.Debug|Any CPU.Build.0 = Debug|Any CPU
		{07776A75-CCD6-44E4-A2C0-356702C6CFA8}.Release|Any CPU.ActiveCfg = Release|Any CPU
		{07776A75-CCD6-44E4-A2C0-356702C6CFA8}.Release|Any CPU.Build.0 = Release|Any CPU
	EndGlobalSection
	GlobalSection(SolutionProperties) = preSolution
		HideSolutionNode = FALSE
	EndGlobalSection
	GlobalSection(ExtensibilityGlobals) = postSolution
		SolutionGuid = {FECF306F-C11E-4E4C-9B2E-AC50F1A21D78}
	EndGlobalSection
EndGlobal
